
Microsoft Visual Studio Solution File, Format Version 12.00
# Visual Studio Version 16
VisualStudioVersion = 16.0.29709.97
MinimumVisualStudioVersion = 10.0.40219.1
Project("{FAE04EC0-301F-11D3-BF4B-00C04F79EFBC}") = "ReloadingBench", "ReloadingBench\ReloadingBench.csproj", "{912A4145-0FD7-49FB-82DD-8D3CF3E205CD}"
EndProject
Global
	GlobalSection(SolutionConfigurationPlatforms) = preSolution
		Debug|Any CPU = Debug|Any CPU
		Release|Any CPU = Release|Any CPU
	EndGlobalSection
	GlobalSection(ProjectConfigurationPlatforms) = postSolution
		{912A4145-0FD7-49FB-82DD-8D3CF3E205CD}.Debug|Any CPU.ActiveCfg = Debug|Any CPU
		{912A4145-0FD7-49FB-82DD-8D3CF3E205CD}.Debug|Any CPU.Build.0 = Debug|Any CPU
		{912A4145-0FD7-49FB-82DD-8D3CF3E205CD}.Release|Any CPU.ActiveCfg = Release|Any CPU
		{912A4145-0FD7-49FB-82DD-8D3CF3E205CD}.Release|Any CPU.Build.0 = Release|Any CPU
	EndGlobalSection
	GlobalSection(SolutionProperties) = preSolution
		HideSolutionNode = FALSE
	EndGlobalSection
	GlobalSection(ExtensibilityGlobals) = postSolution
		SolutionGuid = {083CDA88-BE0B-4899-9F58-F50303E13BD4}
	EndGlobalSection
EndGlobal
